// !$*UTF8*$!
{
	archiveVersion = 1;
	classes = {
	};
	objectVersion = 56;
	objects = {

/* Begin PBXBuildFile section */
		453C32EB29E66332008844E1 /* AppDelegate.swift in Sources */ = {isa = PBXBuildFile; fileRef = 453C32EA29E66332008844E1 /* AppDelegate.swift */; };
		453C32ED29E66332008844E1 /* SceneDelegate.swift in Sources */ = {isa = PBXBuildFile; fileRef = 453C32EC29E66332008844E1 /* SceneDelegate.swift */; };
		453C32EF29E66332008844E1 /* ViewController.swift in Sources */ = {isa = PBXBuildFile; fileRef = 453C32EE29E66332008844E1 /* ViewController.swift */; };
		453C32F229E66332008844E1 /* Main.storyboard in Resources */ = {isa = PBXBuildFile; fileRef = 453C32F029E66332008844E1 /* Main.storyboard */; };
		453C32F429E66333008844E1 /* Assets.xcassets in Resources */ = {isa = PBXBuildFile; fileRef = 453C32F329E66333008844E1 /* Assets.xcassets */; };
		453C32F729E66333008844E1 /* LaunchScreen.storyboard in Resources */ = {isa = PBXBuildFile; fileRef = 453C32F529E66333008844E1 /* LaunchScreen.storyboard */; };
		453C330029E6634C008844E1 /* Apollo in Frameworks */ = {isa = PBXBuildFile; productRef = 453C32FF29E6634C008844E1 /* Apollo */; };
		453C330529E663AE008844E1 /* StarWarsAPI in Frameworks */ = {isa = PBXBuildFile; productRef = 453C330429E663AE008844E1 /* StarWarsAPI */; };
		453C330729E67CD2008844E1 /* ApolloNetwork.swift in Sources */ = {isa = PBXBuildFile; fileRef = 453C330629E67CD2008844E1 /* ApolloNetwork.swift */; };
/* End PBXBuildFile section */

/* Begin PBXFileReference section */
		453C32E729E66332008844E1 /* ApolloExample.app */ = {isa = PBXFileReference; explicitFileType = wrapper.application; includeInIndex = 0; path = ApolloExample.app; sourceTree = BUILT_PRODUCTS_DIR; };
		453C32EA29E66332008844E1 /* AppDelegate.swift */ = {isa = PBXFileReference; lastKnownFileType = sourcecode.swift; path = AppDelegate.swift; sourceTree = "<group>"; };
		453C32EC29E66332008844E1 /* SceneDelegate.swift */ = {isa = PBXFileReference; lastKnownFileType = sourcecode.swift; path = SceneDelegate.swift; sourceTree = "<group>"; };
		453C32EE29E66332008844E1 /* ViewController.swift */ = {isa = PBXFileReference; lastKnownFileType = sourcecode.swift; path = ViewController.swift; sourceTree = "<group>"; };
		453C32F129E66332008844E1 /* Base */ = {isa = PBXFileReference; lastKnownFileType = file.storyboard; name = Base; path = Base.lproj/Main.storyboard; sourceTree = "<group>"; };
		453C32F329E66333008844E1 /* Assets.xcassets */ = {isa = PBXFileReference; lastKnownFileType = folder.assetcatalog; path = Assets.xcassets; sourceTree = "<group>"; };
		453C32F629E66333008844E1 /* Base */ = {isa = PBXFileReference; lastKnownFileType = file.storyboard; name = Base; path = Base.lproj/LaunchScreen.storyboard; sourceTree = "<group>"; };
		453C32F829E66333008844E1 /* Info.plist */ = {isa = PBXFileReference; lastKnownFileType = text.plist.xml; path = Info.plist; sourceTree = "<group>"; };
		453C330229E6639D008844E1 /* StarWarsAPI */ = {isa = PBXFileReference; lastKnownFileType = wrapper; name = StarWarsAPI; path = "../ios-code-gen-exmaple/StarWarsAPI"; sourceTree = "<group>"; };
		453C330629E67CD2008844E1 /* ApolloNetwork.swift */ = {isa = PBXFileReference; fileEncoding = 4; lastKnownFileType = sourcecode.swift; path = ApolloNetwork.swift; sourceTree = "<group>"; };
/* End PBXFileReference section */

/* Begin PBXFrameworksBuildPhase section */
		453C32E429E66332008844E1 /* Frameworks */ = {
			isa = PBXFrameworksBuildPhase;
			buildActionMask = 2147483647;
			files = (
				453C330529E663AE008844E1 /* StarWarsAPI in Frameworks */,
				453C330029E6634C008844E1 /* Apollo in Frameworks */,
			);
			runOnlyForDeploymentPostprocessing = 0;
		};
/* End PBXFrameworksBuildPhase section */

/* Begin PBXGroup section */
		453C32DE29E66332008844E1 = {
			isa = PBXGroup;
			children = (
				453C330129E6639D008844E1 /* Packages */,
				453C32E929E66332008844E1 /* ApolloExample */,
				453C32E829E66332008844E1 /* Products */,
				453C330329E663AE008844E1 /* Frameworks */,
			);
			sourceTree = "<group>";
		};
		453C32E829E66332008844E1 /* Products */ = {
			isa = PBXGroup;
			children = (
				453C32E729E66332008844E1 /* ApolloExample.app */,
			);
			name = Products;
			sourceTree = "<group>";
		};
		453C32E929E66332008844E1 /* ApolloExample */ = {
			isa = PBXGroup;
			children = (
				453C330629E67CD2008844E1 /* ApolloNetwork.swift */,
				453C32EA29E66332008844E1 /* AppDelegate.swift */,
				453C32EC29E66332008844E1 /* SceneDelegate.swift */,
				453C32EE29E66332008844E1 /* ViewController.swift */,
				453C32F029E66332008844E1 /* Main.storyboard */,
				453C32F329E66333008844E1 /* Assets.xcassets */,
				453C32F529E66333008844E1 /* LaunchScreen.storyboard */,
				453C32F829E66333008844E1 /* Info.plist */,
			);
			path = ApolloExample;
			sourceTree = "<group>";
		};
		453C330129E6639D008844E1 /* Packages */ = {
			isa = PBXGroup;
			children = (
				453C330229E6639D008844E1 /* StarWarsAPI */,
			);
			name = Packages;
			sourceTree = "<group>";
		};
		453C330329E663AE008844E1 /* Frameworks */ = {
			isa = PBXGroup;
			children = (
			);
			name = Frameworks;
			sourceTree = "<group>";
		};
/* End PBXGroup section */

/* Begin PBXNativeTarget section */
		453C32E629E66332008844E1 /* ApolloExample */ = {
			isa = PBXNativeTarget;
			buildConfigurationList = 453C32FB29E66333008844E1 /* Build configuration list for PBXNativeTarget "ApolloExample" */;
			buildPhases = (
				453C32E329E66332008844E1 /* Sources */,
				453C32E429E66332008844E1 /* Frameworks */,
				453C32E529E66332008844E1 /* Resources */,
			);
			buildRules = (
			);
			dependencies = (
			);
			name = ApolloExample;
			packageProductDependencies = (
				453C32FF29E6634C008844E1 /* Apollo */,
				453C330429E663AE008844E1 /* StarWarsAPI */,
			);
			productName = ApolloExample;
			productReference = 453C32E729E66332008844E1 /* ApolloExample.app */;
			productType = "com.apple.product-type.application";
		};
/* End PBXNativeTarget section */

/* Begin PBXProject section */
		453C32DF29E66332008844E1 /* Project object */ = {
			isa = PBXProject;
			attributes = {
				BuildIndependentTargetsInParallel = 1;
				LastSwiftUpdateCheck = 1430;
				LastUpgradeCheck = 1430;
				TargetAttributes = {
					453C32E629E66332008844E1 = {
						CreatedOnToolsVersion = 14.3;
					};
				};
			};
			buildConfigurationList = 453C32E229E66332008844E1 /* Build configuration list for PBXProject "ApolloExample" */;
			compatibilityVersion = "Xcode 14.0";
			developmentRegion = en;
			hasScannedForEncodings = 0;
			knownRegions = (
				en,
				Base,
			);
			mainGroup = 453C32DE29E66332008844E1;
			packageReferences = (
				453C32FE29E6634C008844E1 /* XCRemoteSwiftPackageReference "apollo-ios" */,
			);
			productRefGroup = 453C32E829E66332008844E1 /* Products */;
			projectDirPath = "";
			projectRoot = "";
			targets = (
				453C32E629E66332008844E1 /* ApolloExample */,
			);
		};
/* End PBXProject section */

/* Begin PBXResourcesBuildPhase section */
		453C32E529E66332008844E1 /* Resources */ = {
			isa = PBXResourcesBuildPhase;
			buildActionMask = 2147483647;
			files = (
				453C32F729E66333008844E1 /* LaunchScreen.storyboard in Resources */,
				453C32F429E66333008844E1 /* Assets.xcassets in Resources */,
				453C32F229E66332008844E1 /* Main.storyboard in Resources */,
			);
			runOnlyForDeploymentPostprocessing = 0;
		};
/* End PBXResourcesBuildPhase section */

/* Begin PBXSourcesBuildPhase section */
		453C32E329E66332008844E1 /* Sources */ = {
			isa = PBXSourcesBuildPhase;
			buildActionMask = 2147483647;
			files = (
				453C32EF29E66332008844E1 /* ViewController.swift in Sources */,
				453C32EB29E66332008844E1 /* AppDelegate.swift in Sources */,
				453C32ED29E66332008844E1 /* SceneDelegate.swift in Sources */,
				453C330729E67CD2008844E1 /* ApolloNetwork.swift in Sources */,
			);
			runOnlyForDeploymentPostprocessing = 0;
		};
/* End PBXSourcesBuildPhase section */

/* Begin PBXVariantGroup section */
		453C32F029E66332008844E1 /* Main.storyboard */ = {
			isa = PBXVariantGroup;
			children = (
				453C32F129E66332008844E1 /* Base */,
			);
			name = Main.storyboard;
			sourceTree = "<group>";
		};
		453C32F529E66333008844E1 /* LaunchScreen.storyboard */ = {
			isa = PBXVariantGroup;
			children = (
				453C32F629E66333008844E1 /* Base */,
			);
			name = LaunchScreen.storyboard;
			sourceTree = "<group>";
		};
/* End PBXVariantGroup section */

/* Begin XCBuildConfiguration section */
		453C32F929E66333008844E1 /* Debug */ = {
			isa = XCBuildConfiguration;
			buildSettings = {
				ALWAYS_SEARCH_USER_PATHS = NO;
				CLANG_ANALYZER_NONNULL = YES;
				CLANG_ANALYZER_NUMBER_OBJECT_CONVERSION = YES_AGGRESSIVE;
				CLANG_CXX_LANGUAGE_STANDARD = "gnu++20";
				CLANG_ENABLE_MODULES = YES;
				CLANG_ENABLE_OBJC_ARC = YES;
				CLANG_ENABLE_OBJC_WEAK = YES;
				CLANG_WARN_BLOCK_CAPTURE_AUTORELEASING = YES;
				CLANG_WARN_BOOL_CONVERSION = YES;
				CLANG_WARN_COMMA = YES;
				CLANG_WARN_CONSTANT_CONVERSION = YES;
				CLANG_WARN_DEPRECATED_OBJC_IMPLEMENTATIONS = YES;
				CLANG_WARN_DIRECT_OBJC_ISA_USAGE = YES_ERROR;
				CLANG_WARN_DOCUMENTATION_COMMENTS = YES;
				CLANG_WARN_EMPTY_BODY = YES;
				CLANG_WARN_ENUM_CONVERSION = YES;
				CLANG_WARN_INFINITE_RECURSION = YES;
				CLANG_WARN_INT_CONVERSION = YES;
				CLANG_WARN_NON_LITERAL_NULL_CONVERSION = YES;
				CLANG_WARN_OBJC_IMPLICIT_RETAIN_SELF = YES;
				CLANG_WARN_OBJC_LITERAL_CONVERSION = YES;
				CLANG_WARN_OBJC_ROOT_CLASS = YES_ERROR;
				CLANG_WARN_QUOTED_INCLUDE_IN_FRAMEWORK_HEADER = YES;
				CLANG_WARN_RANGE_LOOP_ANALYSIS = YES;
				CLANG_WARN_STRICT_PROTOTYPES = YES;
				CLANG_WARN_SUSPICIOUS_MOVE = YES;
				CLANG_WARN_UNGUARDED_AVAILABILITY = YES_AGGRESSIVE;
				CLANG_WARN_UNREACHABLE_CODE = YES;
				CLANG_WARN__DUPLICATE_METHOD_MATCH = YES;
				COPY_PHASE_STRIP = NO;
				DEBUG_INFORMATION_FORMAT = dwarf;
				ENABLE_STRICT_OBJC_MSGSEND = YES;
				ENABLE_TESTABILITY = YES;
				GCC_C_LANGUAGE_STANDARD = gnu11;
				GCC_DYNAMIC_NO_PIC = NO;
				GCC_NO_COMMON_BLOCKS = YES;
				GCC_OPTIMIZATION_LEVEL = 0;
				GCC_PREPROCESSOR_DEFINITIONS = (
					"DEBUG=1",
					"$(inherited)",
				);
				GCC_WARN_64_TO_32_BIT_CONVERSION = YES;
				GCC_WARN_ABOUT_RETURN_TYPE = YES_ERROR;
				GCC_WARN_UNDECLARED_SELECTOR = YES;
				GCC_WARN_UNINITIALIZED_AUTOS = YES_AGGRESSIVE;
				GCC_WARN_UNUSED_FUNCTION = YES;
				GCC_WARN_UNUSED_VARIABLE = YES;
				IPHONEOS_DEPLOYMENT_TARGET = 16.4;
				MTL_ENABLE_DEBUG_INFO = INCLUDE_SOURCE;
				MTL_FAST_MATH = YES;
				ONLY_ACTIVE_ARCH = YES;
				SDKROOT = iphoneos;
				SWIFT_ACTIVE_COMPILATION_CONDITIONS = DEBUG;
				SWIFT_OPTIMIZATION_LEVEL = "-Onone";
			};
			name = Debug;
		};
		453C32FA29E66333008844E1 /* Release */ = {
			isa = XCBuildConfiguration;
			buildSettings = {
				ALWAYS_SEARCH_USER_PATHS = NO;
				CLANG_ANALYZER_NONNULL = YES;
				CLANG_ANALYZER_NUMBER_OBJECT_CONVERSION = YES_AGGRESSIVE;
				CLANG_CXX_LANGUAGE_STANDARD = "gnu++20";
				CLANG_ENABLE_MODULES = YES;
				CLANG_ENABLE_OBJC_ARC = YES;
				CLANG_ENABLE_OBJC_WEAK = YES;
				CLANG_WARN_BLOCK_CAPTURE_AUTORELEASING = YES;
				CLANG_WARN_BOOL_CONVERSION = YES;
				CLANG_WARN_COMMA = YES;
				CLANG_WARN_CONSTANT_CONVERSION = YES;
				CLANG_WARN_DEPRECATED_OBJC_IMPLEMENTATIONS = YES;
				CLANG_WARN_DIRECT_OBJC_ISA_USAGE = YES_ERROR;
				CLANG_WARN_DOCUMENTATION_COMMENTS = YES;
				CLANG_WARN_EMPTY_BODY = YES;
				CLANG_WARN_ENUM_CONVERSION = YES;
				CLANG_WARN_INFINITE_RECURSION = YES;
				CLANG_WARN_INT_CONVERSION = YES;
				CLANG_WARN_NON_LITERAL_NULL_CONVERSION = YES;
				CLANG_WARN_OBJC_IMPLICIT_RETAIN_SELF = YES;
				CLANG_WARN_OBJC_LITERAL_CONVERSION = YES;
				CLANG_WARN_OBJC_ROOT_CLASS = YES_ERROR;
				CLANG_WARN_QUOTED_INCLUDE_IN_FRAMEWORK_HEADER = YES;
				CLANG_WARN_RANGE_LOOP_ANALYSIS = YES;
				CLANG_WARN_STRICT_PROTOTYPES = YES;
				CLANG_WARN_SUSPICIOUS_MOVE = YES;
				CLANG_WARN_UNGUARDED_AVAILABILITY = YES_AGGRESSIVE;
				CLANG_WARN_UNREACHABLE_CODE = YES;
				CLANG_WARN__DUPLICATE_METHOD_MATCH = YES;
				COPY_PHASE_STRIP = NO;
				DEBUG_INFORMATION_FORMAT = "dwarf-with-dsym";
				ENABLE_NS_ASSERTIONS = NO;
				ENABLE_STRICT_OBJC_MSGSEND = YES;
				GCC_C_LANGUAGE_STANDARD = gnu11;
				GCC_NO_COMMON_BLOCKS = YES;
				GCC_WARN_64_TO_32_BIT_CONVERSION = YES;
				GCC_WARN_ABOUT_RETURN_TYPE = YES_ERROR;
				GCC_WARN_UNDECLARED_SELECTOR = YES;
				GCC_WARN_UNINITIALIZED_AUTOS = YES_AGGRESSIVE;
				GCC_WARN_UNUSED_FUNCTION = YES;
				GCC_WARN_UNUSED_VARIABLE = YES;
				IPHONEOS_DEPLOYMENT_TARGET = 16.4;
				MTL_ENABLE_DEBUG_INFO = NO;
				MTL_FAST_MATH = YES;
				SDKROOT = iphoneos;
				SWIFT_COMPILATION_MODE = wholemodule;
				SWIFT_OPTIMIZATION_LEVEL = "-O";
				VALIDATE_PRODUCT = YES;
			};
			name = Release;
		};
		453C32FC29E66333008844E1 /* Debug */ = {
			isa = XCBuildConfiguration;
			buildSettings = {
				ASSETCATALOG_COMPILER_APPICON_NAME = AppIcon;
				ASSETCATALOG_COMPILER_GLOBAL_ACCENT_COLOR_NAME = AccentColor;
				CODE_SIGN_STYLE = Automatic;
				CURRENT_PROJECT_VERSION = 1;
				GENERATE_INFOPLIST_FILE = YES;
				INFOPLIST_FILE = ApolloExample/Info.plist;
				INFOPLIST_KEY_UIApplicationSupportsIndirectInputEvents = YES;
				INFOPLIST_KEY_UILaunchStoryboardName = LaunchScreen;
				INFOPLIST_KEY_UIMainStoryboardFile = Main;
				INFOPLIST_KEY_UISupportedInterfaceOrientations_iPad = "UIInterfaceOrientationPortrait UIInterfaceOrientationPortraitUpsideDown UIInterfaceOrientationLandscapeLeft UIInterfaceOrientationLandscapeRight";
				INFOPLIST_KEY_UISupportedInterfaceOrientations_iPhone = "UIInterfaceOrientationPortrait UIInterfaceOrientationLandscapeLeft UIInterfaceOrientationLandscapeRight";
				LD_RUNPATH_SEARCH_PATHS = (
					"$(inherited)",
					"@executable_path/Frameworks",
				);
				MARKETING_VERSION = 1.0;
				PRODUCT_BUNDLE_IDENTIFIER = com.ApolloExample;
				PRODUCT_NAME = "$(TARGET_NAME)";
				SWIFT_EMIT_LOC_STRINGS = YES;
				SWIFT_VERSION = 5.0;
				TARGETED_DEVICE_FAMILY = "1,2";
			};
			name = Debug;
		};
		453C32FD29E66333008844E1 /* Release */ = {
			isa = XCBuildConfiguration;
			buildSettings = {
				ASSETCATALOG_COMPILER_APPICON_NAME = AppIcon;
				ASSETCATALOG_COMPILER_GLOBAL_ACCENT_COLOR_NAME = AccentColor;
				CODE_SIGN_STYLE = Automatic;
				CURRENT_PROJECT_VERSION = 1;
				GENERATE_INFOPLIST_FILE = YES;
				INFOPLIST_FILE = ApolloExample/Info.plist;
				INFOPLIST_KEY_UIApplicationSupportsIndirectInputEvents = YES;
				INFOPLIST_KEY_UILaunchStoryboardName = LaunchScreen;
				INFOPLIST_KEY_UIMainStoryboardFile = Main;
				INFOPLIST_KEY_UISupportedInterfaceOrientations_iPad = "UIInterfaceOrientationPortrait UIInterfaceOrientationPortraitUpsideDown UIInterfaceOrientationLandscapeLeft UIInterfaceOrientationLandscapeRight";
				INFOPLIST_KEY_UISupportedInterfaceOrientations_iPhone = "UIInterfaceOrientationPortrait UIInterfaceOrientationLandscapeLeft UIInterfaceOrientationLandscapeRight";
				LD_RUNPATH_SEARCH_PATHS = (
					"$(inherited)",
					"@executable_path/Frameworks",
				);
				MARKETING_VERSION = 1.0;
				PRODUCT_BUNDLE_IDENTIFIER = com.ApolloExample;
				PRODUCT_NAME = "$(TARGET_NAME)";
				SWIFT_EMIT_LOC_STRINGS = YES;
				SWIFT_VERSION = 5.0;
				TARGETED_DEVICE_FAMILY = "1,2";
			};
			name = Release;
		};
/* End XCBuildConfiguration section */

/* Begin XCConfigurationList section */
		453C32E229E66332008844E1 /* Build configuration list for PBXProject "ApolloExample" */ = {
			isa = XCConfigurationList;
			buildConfigurations = (
				453C32F929E66333008844E1 /* Debug */,
				453C32FA29E66333008844E1 /* Release */,
			);
			defaultConfigurationIsVisible = 0;
			defaultConfigurationName = Release;
		};
		453C32FB29E66333008844E1 /* Build configuration list for PBXNativeTarget "ApolloExample" */ = {
			isa = XCConfigurationList;
			buildConfigurations = (
				453C32FC29E66333008844E1 /* Debug */,
				453C32FD29E66333008844E1 /* Release */,
			);
			defaultConfigurationIsVisible = 0;
			defaultConfigurationName = Release;
		};
/* End XCConfigurationList section */

/* Begin XCRemoteSwiftPackageReference section */
		453C32FE29E6634C008844E1 /* XCRemoteSwiftPackageReference "apollo-ios" */ = {
			isa = XCRemoteSwiftPackageReference;
			repositoryURL = "https://github.com/apollographql/apollo-ios.git";
			requirement = {
				kind = upToNextMajorVersion;
				minimumVersion = 1.0.0;
			};
		};
/* End XCRemoteSwiftPackageReference section */

/* Begin XCSwiftPackageProductDependency section */
		453C32FF29E6634C008844E1 /* Apollo */ = {
			isa = XCSwiftPackageProductDependency;
			package = 453C32FE29E6634C008844E1 /* XCRemoteSwiftPackageReference "apollo-ios" */;
			productName = Apollo;
		};
		453C330429E663AE008844E1 /* StarWarsAPI */ = {
			isa = XCSwiftPackageProductDependency;
			productName = StarWarsAPI;
		};
/* End XCSwiftPackageProductDependency section */
	};
	rootObject = 453C32DF29E66332008844E1 /* Project object */;
}
